
Microsoft Visual Studio Solution File, Format Version 12.00
# Visual Studio Version 16
VisualStudioVersion = 16.0.30907.101
MinimumVisualStudioVersion = 10.0.40219.1
Project("{FAE04EC0-301F-11D3-BF4B-00C04F79EFBC}") = "student-management-asp-uppgift1", "student-management-asp-uppgift1\student-management-asp-uppgift1.csproj", "{719C229E-E764-45C7-ADD0-0B09EBC5DC06}"
EndProject
Global
	GlobalSection(SolutionConfigurationPlatforms) = preSolution
		Debug|Any CPU = Debug|Any CPU
		Release|Any CPU = Release|Any CPU
	EndGlobalSection
	GlobalSection(ProjectConfigurationPlatforms) = postSolution
		{719C229E-E764-45C7-ADD0-0B09EBC5DC06}.Debug|Any CPU.ActiveCfg = Debug|Any CPU
		{719C229E-E764-45C7-ADD0-0B09EBC5DC06}.Debug|Any CPU.Build.0 = Debug|Any CPU
		{719C229E-E764-45C7-ADD0-0B09EBC5DC06}.Release|Any CPU.ActiveCfg = Release|Any CPU
		{719C229E-E764-45C7-ADD0-0B09EBC5DC06}.Release|Any CPU.Build.0 = Release|Any CPU
	EndGlobalSection
	GlobalSection(SolutionProperties) = preSolution
		HideSolutionNode = FALSE
	EndGlobalSection
	GlobalSection(ExtensibilityGlobals) = postSolution
		SolutionGuid = {DD17252D-E9A0-41F5-B75B-2F5CE4289069}
	EndGlobalSection
EndGlobal
